
Microsoft Visual Studio Solution File, Format Version 12.00
# Visual Studio Version 18
VisualStudioVersion = 18.8.12023.21 stable
MinimumVisualStudioVersion = 10.0.40219.1
Project("{FAE04EC0-301F-11D3-BF4B-00C04F79EFBC}") = "CdiskClean", "CdiskClean.csproj", "{5709EC92-9B9F-4822-A2F4-E16D60832BB0}"
EndProject
Project("{FAE04EC0-301F-11D3-BF4B-00C04F79EFBC}") = "TestForDisk", "..\TestForDisk\TestForDisk.csproj", "{A24E030A-B765-4309-939C-B498569A6339}"
EndProject
Project("{FAE04EC0-301F-11D3-BF4B-00C04F79EFBC}") = "CleanTestForms", "..\CleanTestForms\CleanTestForms.csproj", "{DD667329-2D06-465C-8A1B-D60FA7D472CC}"
EndProject
Global
	GlobalSection(SolutionConfigurationPlatforms) = preSolution
		Debug|Any CPU = Debug|Any CPU
		Release|Any CPU = Release|Any CPU
	EndGlobalSection
	GlobalSection(ProjectConfigurationPlatforms) = postSolution
		{5709EC92-9B9F-4822-A2F4-E16D60832BB0}.Debug|Any CPU.ActiveCfg = Debug|Any CPU
		{5709EC92-9B9F-4822-A2F4-E16D60832BB0}.Debug|Any CPU.Build.0 = Debug|Any CPU
		{5709EC92-9B9F-4822-A2F4-E16D60832BB0}.Release|Any CPU.ActiveCfg = Release|Any CPU
		{5709EC92-9B9F-4822-A2F4-E16D60832BB0}.Release|Any CPU.Build.0 = Release|Any CPU
		{A24E030A-B765-4309-939C-B498569A6339}.Debug|Any CPU.ActiveCfg = Debug|Any CPU
		{A24E030A-B765-4309-939C-B498569A6339}.Debug|Any CPU.Build.0 = Debug|Any CPU
		{A24E030A-B765-4309-939C-B498569A6339}.Release|Any CPU.ActiveCfg = Release|Any CPU
		{A24E030A-B765-4309-939C-B498569A6339}.Release|Any CPU.Build.0 = Release|Any CPU
		{DD667329-2D06-465C-8A1B-D60FA7D472CC}.Debug|Any CPU.ActiveCfg = Debug|Any CPU
		{DD667329-2D06-465C-8A1B-D60FA7D472CC}.Debug|Any CPU.Build.0 = Debug|Any CPU
		{DD667329-2D06-465C-8A1B-D60FA7D472CC}.Release|Any CPU.ActiveCfg = Release|Any CPU
		{DD667329-2D06-465C-8A1B-D60FA7D472CC}.Release|Any CPU.Build.0 = Release|Any CPU
	EndGlobalSection
	GlobalSection(SolutionProperties) = preSolution
		HideSolutionNode = FALSE
	EndGlobalSection
	GlobalSection(ExtensibilityGlobals) = postSolution
		SolutionGuid = {8E1D8710-C2A8-446D-BB78-B06B3F085C61}
	EndGlobalSection
EndGlobal
